
Microsoft Visual Studio Solution File, Format Version 12.00
# Visual Studio Version 16
VisualStudioVersion = 16.0.29911.84
MinimumVisualStudioVersion = 10.0.40219.1
Project("{FAE04EC0-301F-11D3-BF4B-00C04F79EFBC}") = "FunctionMeetGenHttp", "FunctionMeetGenHttp\FunctionMeetGenHttp.csproj", "{41FC5289-9D2E-4EF2-B9C0-F0BF1CF9D1DC}"
EndProject
Global
	GlobalSection(SolutionConfigurationPlatforms) = preSolution
		Debug|Any CPU = Debug|Any CPU
		Release|Any CPU = Release|Any CPU
	EndGlobalSection
	GlobalSection(ProjectConfigurationPlatforms) = postSolution
		{41FC5289-9D2E-4EF2-B9C0-F0BF1CF9D1DC}.Debug|Any CPU.ActiveCfg = Debug|Any CPU
		{41FC5289-9D2E-4EF2-B9C0-F0BF1CF9D1DC}.Debug|Any CPU.Build.0 = Debug|Any CPU
		{41FC5289-9D2E-4EF2-B9C0-F0BF1CF9D1DC}.Release|Any CPU.ActiveCfg = Release|Any CPU
		{41FC5289-9D2E-4EF2-B9C0-F0BF1CF9D1DC}.Release|Any CPU.Build.0 = Release|Any CPU
	EndGlobalSection
	GlobalSection(SolutionProperties) = preSolution
		HideSolutionNode = FALSE
	EndGlobalSection
	GlobalSection(ExtensibilityGlobals) = postSolution
		SolutionGuid = {12986C73-89AA-40AE-A016-CF24AC2C3A68}
	EndGlobalSection
EndGlobal
